// !$*UTF8*$!
{
	archiveVersion = 1;
	classes = {
	};
	objectVersion = 46;
	objects = {

/* Begin PBXBuildFile section */
		9D00948A1FAABB5500A64CA9 /* Message.swift in Sources */ = {isa = PBXBuildFile; fileRef = 9D0094891FAABB5500A64CA9 /* Message.swift */; };
		9D00948C1FAAD09800A64CA9 /* BaseDailog.swift in Sources */ = {isa = PBXBuildFile; fileRef = 9D00948B1FAAD09800A64CA9 /* BaseDailog.swift */; };
		9D00948F1FAAD11F00A64CA9 /* SetupProfile.swift in Sources */ = {isa = PBXBuildFile; fileRef = 9D00948E1FAAD11F00A64CA9 /* SetupProfile.swift */; };
		9D0094911FAAD13300A64CA9 /* SetupProfile.xib in Resources */ = {isa = PBXBuildFile; fileRef = 9D0094901FAAD13300A64CA9 /* SetupProfile.xib */; };
		9D032CD31FA81BB10081D840 /* AppDelegate.swift in Sources */ = {isa = PBXBuildFile; fileRef = 9D032CD21FA81BB10081D840 /* AppDelegate.swift */; };
		9D032CD81FA81BB10081D840 /* Main.storyboard in Resources */ = {isa = PBXBuildFile; fileRef = 9D032CD61FA81BB10081D840 /* Main.storyboard */; };
		9D032CDA1FA81BB10081D840 /* Assets.xcassets in Resources */ = {isa = PBXBuildFile; fileRef = 9D032CD91FA81BB10081D840 /* Assets.xcassets */; };
		9D032CDD1FA81BB10081D840 /* LaunchScreen.storyboard in Resources */ = {isa = PBXBuildFile; fileRef = 9D032CDB1FA81BB10081D840 /* LaunchScreen.storyboard */; };
		9D032CE61FA8206E0081D840 /* BaseViewController.swift in Sources */ = {isa = PBXBuildFile; fileRef = 9D032CE51FA8206E0081D840 /* BaseViewController.swift */; };
		9D032CE81FA820E80081D840 /* MainViewController.swift in Sources */ = {isa = PBXBuildFile; fileRef = 9D032CE71FA820E80081D840 /* MainViewController.swift */; };
		9D032CEA1FA827280081D840 /* SiginViewController.swift in Sources */ = {isa = PBXBuildFile; fileRef = 9D032CE91FA827280081D840 /* SiginViewController.swift */; };
		9D032CEC1FA8275D0081D840 /* LeftMenuViewController.swift in Sources */ = {isa = PBXBuildFile; fileRef = 9D032CEB1FA8275D0081D840 /* LeftMenuViewController.swift */; };
		9D032CEE1FA82CD90081D840 /* FollowViewController.swift in Sources */ = {isa = PBXBuildFile; fileRef = 9D032CED1FA82CD90081D840 /* FollowViewController.swift */; };
		9D032CF01FA82CF20081D840 /* SeatViewController.swift in Sources */ = {isa = PBXBuildFile; fileRef = 9D032CEF1FA82CF20081D840 /* SeatViewController.swift */; };
		9D032CF41FA82D400081D840 /* DetailChatViewController.swift in Sources */ = {isa = PBXBuildFile; fileRef = 9D032CF31FA82D400081D840 /* DetailChatViewController.swift */; };
		9D0686171FFCB97500E5D78C /* GetNumberMessage.swift in Sources */ = {isa = PBXBuildFile; fileRef = 9D0686161FFCB97500E5D78C /* GetNumberMessage.swift */; };
		9D0686191FFCBD4400E5D78C /* UpdateNotice.swift in Sources */ = {isa = PBXBuildFile; fileRef = 9D0686181FFCBD4400E5D78C /* UpdateNotice.swift */; };
		9D06F71520073E74006D44CD /* MSJH.TTF in Resources */ = {isa = PBXBuildFile; fileRef = 9D06F71420073E6F006D44CD /* MSJH.TTF */; };
		9D06F71720073E90006D44CD /* MSJHBD.TTF in Resources */ = {isa = PBXBuildFile; fileRef = 9D06F71620073E90006D44CD /* MSJHBD.TTF */; };
		9D073A0B1FF262ED009F2568 /* SplashViewcontroller.swift in Sources */ = {isa = PBXBuildFile; fileRef = 9D073A0A1FF262ED009F2568 /* SplashViewcontroller.swift */; };
		9D076F3C1FCE6161008D8334 /* UpdateGuestInfo.swift in Sources */ = {isa = PBXBuildFile; fileRef = 9D076F3B1FCE6161008D8334 /* UpdateGuestInfo.swift */; };
		9D0941EC1FF3969000F6765C /* SearchMember.swift in Sources */ = {isa = PBXBuildFile; fileRef = 9D0941EB1FF3969000F6765C /* SearchMember.swift */; };
		9D0941EE1FF396D200F6765C /* SearchMember.xib in Resources */ = {isa = PBXBuildFile; fileRef = 9D0941ED1FF396D200F6765C /* SearchMember.xib */; };
		9D0D082820091BB10022CC8F /* ChangeProfileViewController.swift in Sources */ = {isa = PBXBuildFile; fileRef = 9D0D082720091BB10022CC8F /* ChangeProfileViewController.swift */; };
		9D114FCF1FEE160A0070107C /* 黑體W9-GB5.ttf in Resources */ = {isa = PBXBuildFile; fileRef = 9D114FCE1FEE16050070107C /* 黑體W9-GB5.ttf */; };
		9D123BC91FF4E95D00EC0F54 /* UpdateStatusMessage.swift in Sources */ = {isa = PBXBuildFile; fileRef = 9D123BC81FF4E95D00EC0F54 /* UpdateStatusMessage.swift */; };
		9D1F476C1FED0714002CDD7D /* 華康超明體_(P).TTC in Resources */ = {isa = PBXBuildFile; fileRef = 9D1F476A1FED070A002CDD7D /* 華康超明體_(P).TTC */; };
		9D1F476E1FED18F7002CDD7D /* UpdateToken.swift in Sources */ = {isa = PBXBuildFile; fileRef = 9D1F476D1FED18F7002CDD7D /* UpdateToken.swift */; };
		9D2373891FF497F00033C091 /* MemberViewCell.swift in Sources */ = {isa = PBXBuildFile; fileRef = 9D2373871FF497F00033C091 /* MemberViewCell.swift */; };
		9D23738A1FF497F00033C091 /* MemberViewCell.xib in Resources */ = {isa = PBXBuildFile; fileRef = 9D2373881FF497F00033C091 /* MemberViewCell.xib */; };
		9D2872361FAC02C600FDD27F /* GetMessageTask.swift in Sources */ = {isa = PBXBuildFile; fileRef = 9D2872351FAC02C600FDD27F /* GetMessageTask.swift */; };
		9D58D3621FEA1BA900200A77 /* GetInfoMember.swift in Sources */ = {isa = PBXBuildFile; fileRef = 9D58D3611FEA1BA900200A77 /* GetInfoMember.swift */; };
		9D8C605E1FE288800064DDED /* FindMember.swift in Sources */ = {isa = PBXBuildFile; fileRef = 9D8C605D1FE288800064DDED /* FindMember.swift */; };
		9D9B466C1FEA49C800ADC543 /* Cache.swift in Sources */ = {isa = PBXBuildFile; fileRef = 9D9B466B1FEA49C800ADC543 /* Cache.swift */; };
		9DCDEE4C1FA9670D0055FE59 /* LKNetwork.swift in Sources */ = {isa = PBXBuildFile; fileRef = 9DCDEE4B1FA9670D0055FE59 /* LKNetwork.swift */; };
		9DCDEE4E1FA976300055FE59 /* Extension.swift in Sources */ = {isa = PBXBuildFile; fileRef = 9DCDEE4D1FA976300055FE59 /* Extension.swift */; };
		9DCDEE501FA982360055FE59 /* SiginTask.swift in Sources */ = {isa = PBXBuildFile; fileRef = 9DCDEE4F1FA982360055FE59 /* SiginTask.swift */; };
		9DCDEE531FA988350055FE59 /* DefineURL.swift in Sources */ = {isa = PBXBuildFile; fileRef = 9DCDEE521FA988350055FE59 /* DefineURL.swift */; };
		9DD1E4D01FFC9AD800874002 /* UIView+extension.swift in Sources */ = {isa = PBXBuildFile; fileRef = 9DD1E4CF1FFC9AD800874002 /* UIView+extension.swift */; };
		9DEEF6F81FB9444100FEE1AE /* Storage.swift in Sources */ = {isa = PBXBuildFile; fileRef = 9DEEF6F71FB9444000FEE1AE /* Storage.swift */; };
		9DEEF6FE1FB9469C00FEE1AE /* SendMessageTask.swift in Sources */ = {isa = PBXBuildFile; fileRef = 9DEEF6FD1FB9469C00FEE1AE /* SendMessageTask.swift */; };
		9DFC2E441FA9A7D200059A3D /* Guest.swift in Sources */ = {isa = PBXBuildFile; fileRef = 9DFC2E431FA9A7D200059A3D /* Guest.swift */; };
		9DFC2E471FA9B6BC00059A3D /* Member.swift in Sources */ = {isa = PBXBuildFile; fileRef = 9DFC2E461FA9B6BC00059A3D /* Member.swift */; };
		9DFC2E4B1FA9B88E00059A3D /* AddMemberTask.swift in Sources */ = {isa = PBXBuildFile; fileRef = 9DFC2E4A1FA9B88E00059A3D /* AddMemberTask.swift */; };
		9DFE98791FB0424D0064243A /* Contants.swift in Sources */ = {isa = PBXBuildFile; fileRef = 9DFE98781FB0424D0064243A /* Contants.swift */; };
		9DFE987D1FB04B280064243A /* NoticeMember.swift in Sources */ = {isa = PBXBuildFile; fileRef = 9DFE987C1FB04B280064243A /* NoticeMember.swift */; };
		A020E09C4BAD7A23CE06840E /* Pods_GuestWedding.framework in Frameworks */ = {isa = PBXBuildFile; fileRef = 3A3D95DFF2837B68A24F4236 /* Pods_GuestWedding.framework */; };
/* End PBXBuildFile section */

/* Begin PBXFileReference section */
		3A3D95DFF2837B68A24F4236 /* Pods_GuestWedding.framework */ = {isa = PBXFileReference; explicitFileType = wrapper.framework; includeInIndex = 0; path = Pods_GuestWedding.framework; sourceTree = BUILT_PRODUCTS_DIR; };
		6AA9B141112A98D588C6DD2B /* Pods-GuestWedding.release.xcconfig */ = {isa = PBXFileReference; includeInIndex = 1; lastKnownFileType = text.xcconfig; name = "Pods-GuestWedding.release.xcconfig"; path = "Pods/Target Support Files/Pods-GuestWedding/Pods-GuestWedding.release.xcconfig"; sourceTree = "<group>"; };
		9D0094891FAABB5500A64CA9 /* Message.swift */ = {isa = PBXFileReference; fileEncoding = 4; lastKnownFileType = sourcecode.swift; path = Message.swift; sourceTree = "<group>"; };
		9D00948B1FAAD09800A64CA9 /* BaseDailog.swift */ = {isa = PBXFileReference; fileEncoding = 4; lastKnownFileType = sourcecode.swift; path = BaseDailog.swift; sourceTree = "<group>"; };
		9D00948E1FAAD11F00A64CA9 /* SetupProfile.swift */ = {isa = PBXFileReference; fileEncoding = 4; lastKnownFileType = sourcecode.swift; path = SetupProfile.swift; sourceTree = "<group>"; };
		9D0094901FAAD13300A64CA9 /* SetupProfile.xib */ = {isa = PBXFileReference; fileEncoding = 4; lastKnownFileType = file.xib; path = SetupProfile.xib; sourceTree = "<group>"; };
		9D032CCF1FA81BB10081D840 /* GuestWedding.app */ = {isa = PBXFileReference; explicitFileType = wrapper.application; includeInIndex = 0; path = GuestWedding.app; sourceTree = BUILT_PRODUCTS_DIR; };
		9D032CD21FA81BB10081D840 /* AppDelegate.swift */ = {isa = PBXFileReference; lastKnownFileType = sourcecode.swift; path = AppDelegate.swift; sourceTree = "<group>"; };
		9D032CD71FA81BB10081D840 /* Base */ = {isa = PBXFileReference; lastKnownFileType = file.storyboard; name = Base; path = Base.lproj/Main.storyboard; sourceTree = "<group>"; };
		9D032CD91FA81BB10081D840 /* Assets.xcassets */ = {isa = PBXFileReference; lastKnownFileType = folder.assetcatalog; path = Assets.xcassets; sourceTree = "<group>"; };
		9D032CDC1FA81BB10081D840 /* Base */ = {isa = PBXFileReference; lastKnownFileType = file.storyboard; name = Base; path = Base.lproj/LaunchScreen.storyboard; sourceTree = "<group>"; };
		9D032CDE1FA81BB10081D840 /* Info.plist */ = {isa = PBXFileReference; lastKnownFileType = text.plist.xml; path = Info.plist; sourceTree = "<group>"; };
		9D032CE51FA8206E0081D840 /* BaseViewController.swift */ = {isa = PBXFileReference; fileEncoding = 4; lastKnownFileType = sourcecode.swift; path = BaseViewController.swift; sourceTree = "<group>"; usesTabs = 0; };
		9D032CE71FA820E80081D840 /* MainViewController.swift */ = {isa = PBXFileReference; fileEncoding = 4; lastKnownFileType = sourcecode.swift; path = MainViewController.swift; sourceTree = "<group>"; };
		9D032CE91FA827280081D840 /* SiginViewController.swift */ = {isa = PBXFileReference; fileEncoding = 4; lastKnownFileType = sourcecode.swift; path = SiginViewController.swift; sourceTree = "<group>"; };
		9D032CEB1FA8275D0081D840 /* LeftMenuViewController.swift */ = {isa = PBXFileReference; fileEncoding = 4; lastKnownFileType = sourcecode.swift; path = LeftMenuViewController.swift; sourceTree = "<group>"; };
		9D032CED1FA82CD90081D840 /* FollowViewController.swift */ = {isa = PBXFileReference; fileEncoding = 4; lastKnownFileType = sourcecode.swift; path = FollowViewController.swift; sourceTree = "<group>"; };
		9D032CEF1FA82CF20081D840 /* SeatViewController.swift */ = {isa = PBXFileReference; fileEncoding = 4; lastKnownFileType = sourcecode.swift; path = SeatViewController.swift; sourceTree = "<group>"; };
		9D032CF31FA82D400081D840 /* DetailChatViewController.swift */ = {isa = PBXFileReference; fileEncoding = 4; lastKnownFileType = sourcecode.swift; path = DetailChatViewController.swift; sourceTree = "<group>"; };
		9D06440120034CF6009237A4 /* GuestWedding.entitlements */ = {isa = PBXFileReference; lastKnownFileType = text.plist.entitlements; path = GuestWedding.entitlements; sourceTree = "<group>"; };
		9D0686161FFCB97500E5D78C /* GetNumberMessage.swift */ = {isa = PBXFileReference; lastKnownFileType = sourcecode.swift; path = GetNumberMessage.swift; sourceTree = "<group>"; };
		9D0686181FFCBD4400E5D78C /* UpdateNotice.swift */ = {isa = PBXFileReference; lastKnownFileType = sourcecode.swift; path = UpdateNotice.swift; sourceTree = "<group>"; };
		9D06F71420073E6F006D44CD /* MSJH.TTF */ = {isa = PBXFileReference; lastKnownFileType = file; path = MSJH.TTF; sourceTree = "<group>"; };
		9D06F71620073E90006D44CD /* MSJHBD.TTF */ = {isa = PBXFileReference; lastKnownFileType = file; path = MSJHBD.TTF; sourceTree = "<group>"; };
		9D073A0A1FF262ED009F2568 /* SplashViewcontroller.swift */ = {isa = PBXFileReference; lastKnownFileType = sourcecode.swift; path = SplashViewcontroller.swift; sourceTree = "<group>"; };
		9D076F3B1FCE6161008D8334 /* UpdateGuestInfo.swift */ = {isa = PBXFileReference; lastKnownFileType = sourcecode.swift; path = UpdateGuestInfo.swift; sourceTree = "<group>"; };
		9D0941EB1FF3969000F6765C /* SearchMember.swift */ = {isa = PBXFileReference; lastKnownFileType = sourcecode.swift; path = SearchMember.swift; sourceTree = "<group>"; };
		9D0941ED1FF396D200F6765C /* SearchMember.xib */ = {isa = PBXFileReference; lastKnownFileType = file.xib; path = SearchMember.xib; sourceTree = "<group>"; };
		9D0D082720091BB10022CC8F /* ChangeProfileViewController.swift */ = {isa = PBXFileReference; lastKnownFileType = sourcecode.swift; path = ChangeProfileViewController.swift; sourceTree = "<group>"; };
		9D114FCE1FEE16050070107C /* 黑體W9-GB5.ttf */ = {isa = PBXFileReference; lastKnownFileType = file; path = "黑體W9-GB5.ttf"; sourceTree = "<group>"; };
		9D123BC81FF4E95D00EC0F54 /* UpdateStatusMessage.swift */ = {isa = PBXFileReference; lastKnownFileType = sourcecode.swift; path = UpdateStatusMessage.swift; sourceTree = "<group>"; };
		9D1F476A1FED070A002CDD7D /* 華康超明體_(P).TTC */ = {isa = PBXFileReference; lastKnownFileType = file; path = "華康超明體_(P).TTC"; sourceTree = "<group>"; };
		9D1F476D1FED18F7002CDD7D /* UpdateToken.swift */ = {isa = PBXFileReference; lastKnownFileType = sourcecode.swift; path = UpdateToken.swift; sourceTree = "<group>"; };
		9D2373871FF497F00033C091 /* MemberViewCell.swift */ = {isa = PBXFileReference; lastKnownFileType = sourcecode.swift; path = MemberViewCell.swift; sourceTree = "<group>"; };
		9D2373881FF497F00033C091 /* MemberViewCell.xib */ = {isa = PBXFileReference; lastKnownFileType = file.xib; path = MemberViewCell.xib; sourceTree = "<group>"; };
		9D2872351FAC02C600FDD27F /* GetMessageTask.swift */ = {isa = PBXFileReference; fileEncoding = 4; lastKnownFileType = sourcecode.swift; path = GetMessageTask.swift; sourceTree = "<group>"; };
		9D58D3611FEA1BA900200A77 /* GetInfoMember.swift */ = {isa = PBXFileReference; lastKnownFileType = sourcecode.swift; path = GetInfoMember.swift; sourceTree = "<group>"; };
		9D8C605D1FE288800064DDED /* FindMember.swift */ = {isa = PBXFileReference; lastKnownFileType = sourcecode.swift; path = FindMember.swift; sourceTree = "<group>"; };
		9D9B466B1FEA49C800ADC543 /* Cache.swift */ = {isa = PBXFileReference; fileEncoding = 4; lastKnownFileType = sourcecode.swift; path = Cache.swift; sourceTree = "<group>"; };
		9DCDEE4B1FA9670D0055FE59 /* LKNetwork.swift */ = {isa = PBXFileReference; fileEncoding = 4; lastKnownFileType = sourcecode.swift; path = LKNetwork.swift; sourceTree = "<group>"; };
		9DCDEE4D1FA976300055FE59 /* Extension.swift */ = {isa = PBXFileReference; fileEncoding = 4; lastKnownFileType = sourcecode.swift; path = Extension.swift; sourceTree = "<group>"; };
		9DCDEE4F1FA982360055FE59 /* SiginTask.swift */ = {isa = PBXFileReference; fileEncoding = 4; lastKnownFileType = sourcecode.swift; path = SiginTask.swift; sourceTree = "<group>"; };
		9DCDEE521FA988350055FE59 /* DefineURL.swift */ = {isa = PBXFileReference; fileEncoding = 4; lastKnownFileType = sourcecode.swift; path = DefineURL.swift; sourceTree = "<group>"; };
		9DD1E4CF1FFC9AD800874002 /* UIView+extension.swift */ = {isa = PBXFileReference; lastKnownFileType = sourcecode.swift; path = "UIView+extension.swift"; sourceTree = "<group>"; };
		9DEEF6F71FB9444000FEE1AE /* Storage.swift */ = {isa = PBXFileReference; fileEncoding = 4; lastKnownFileType = sourcecode.swift; path = Storage.swift; sourceTree = "<group>"; };
		9DEEF6FD1FB9469C00FEE1AE /* SendMessageTask.swift */ = {isa = PBXFileReference; lastKnownFileType = sourcecode.swift; path = SendMessageTask.swift; sourceTree = "<group>"; };
		9DFC2E431FA9A7D200059A3D /* Guest.swift */ = {isa = PBXFileReference; fileEncoding = 4; lastKnownFileType = sourcecode.swift; path = Guest.swift; sourceTree = "<group>"; };
		9DFC2E461FA9B6BC00059A3D /* Member.swift */ = {isa = PBXFileReference; fileEncoding = 4; lastKnownFileType = sourcecode.swift; path = Member.swift; sourceTree = "<group>"; };
		9DFC2E4A1FA9B88E00059A3D /* AddMemberTask.swift */ = {isa = PBXFileReference; fileEncoding = 4; lastKnownFileType = sourcecode.swift; path = AddMemberTask.swift; sourceTree = "<group>"; };
		9DFE98781FB0424D0064243A /* Contants.swift */ = {isa = PBXFileReference; lastKnownFileType = sourcecode.swift; path = Contants.swift; sourceTree = "<group>"; };
		9DFE987C1FB04B280064243A /* NoticeMember.swift */ = {isa = PBXFileReference; lastKnownFileType = sourcecode.swift; path = NoticeMember.swift; sourceTree = "<group>"; };
		AA7DD4806FB03F00C6A1FBAC /* Pods-GuestWedding.debug.xcconfig */ = {isa = PBXFileReference; includeInIndex = 1; lastKnownFileType = text.xcconfig; name = "Pods-GuestWedding.debug.xcconfig"; path = "Pods/Target Support Files/Pods-GuestWedding/Pods-GuestWedding.debug.xcconfig"; sourceTree = "<group>"; };
/* End PBXFileReference section */

/* Begin PBXFrameworksBuildPhase section */
		9D032CCC1FA81BB00081D840 /* Frameworks */ = {
			isa = PBXFrameworksBuildPhase;
			buildActionMask = 2147483647;
			files = (
				A020E09C4BAD7A23CE06840E /* Pods_GuestWedding.framework in Frameworks */,
			);
			runOnlyForDeploymentPostprocessing = 0;
		};
/* End PBXFrameworksBuildPhase section */

/* Begin PBXGroup section */
		15173318551411AA7A2505D3 /* Pods */ = {
			isa = PBXGroup;
			children = (
				AA7DD4806FB03F00C6A1FBAC /* Pods-GuestWedding.debug.xcconfig */,
				6AA9B141112A98D588C6DD2B /* Pods-GuestWedding.release.xcconfig */,
			);
			name = Pods;
			sourceTree = "<group>";
		};
		631E222594612E6D80CBC26E /* Frameworks */ = {
			isa = PBXGroup;
			children = (
				3A3D95DFF2837B68A24F4236 /* Pods_GuestWedding.framework */,
			);
			name = Frameworks;
			sourceTree = "<group>";
		};
		9D00948D1FAAD09E00A64CA9 /* View */ = {
			isa = PBXGroup;
			children = (
				9D00948B1FAAD09800A64CA9 /* BaseDailog.swift */,
				9D00948E1FAAD11F00A64CA9 /* SetupProfile.swift */,
				9D0094901FAAD13300A64CA9 /* SetupProfile.xib */,
				9D0941EB1FF3969000F6765C /* SearchMember.swift */,
				9D0941ED1FF396D200F6765C /* SearchMember.xib */,
				9D2373871FF497F00033C091 /* MemberViewCell.swift */,
				9D2373881FF497F00033C091 /* MemberViewCell.xib */,
			);
			name = View;
			sourceTree = "<group>";
		};
		9D032CC61FA81BB00081D840 = {
			isa = PBXGroup;
			children = (
				9D032CD11FA81BB10081D840 /* GuestWedding */,
				9D032CD01FA81BB10081D840 /* Products */,
				15173318551411AA7A2505D3 /* Pods */,
				631E222594612E6D80CBC26E /* Frameworks */,
			);
			sourceTree = "<group>";
		};
		9D032CD01FA81BB10081D840 /* Products */ = {
			isa = PBXGroup;
			children = (
				9D032CCF1FA81BB10081D840 /* GuestWedding.app */,
			);
			name = Products;
			sourceTree = "<group>";
		};
		9D032CD11FA81BB10081D840 /* GuestWedding */ = {
			isa = PBXGroup;
			children = (
				9D06440120034CF6009237A4 /* GuestWedding.entitlements */,
				9D032CD21FA81BB10081D840 /* AppDelegate.swift */,
				9DCDEE521FA988350055FE59 /* DefineURL.swift */,
				9D032CE51FA8206E0081D840 /* BaseViewController.swift */,
				9D032CD61FA81BB10081D840 /* Main.storyboard */,
				9DCDEE541FA9883C0055FE59 /* Controller */,
				9D00948D1FAAD09E00A64CA9 /* View */,
				9DFC2E451FA9A7D600059A3D /* Model */,
				9DCDEE4A1FA966D40055FE59 /* Network */,
				9D032CE41FA81DF40081D840 /* Util */,
			);
			path = GuestWedding;
			sourceTree = "<group>";
		};
		9D032CE41FA81DF40081D840 /* Util */ = {
			isa = PBXGroup;
			children = (
				9D1F476A1FED070A002CDD7D /* 華康超明體_(P).TTC */,
				9D06F71420073E6F006D44CD /* MSJH.TTF */,
				9D114FCE1FEE16050070107C /* 黑體W9-GB5.ttf */,
				9D06F71620073E90006D44CD /* MSJHBD.TTF */,
				9DCDEE4D1FA976300055FE59 /* Extension.swift */,
				9DD1E4CF1FFC9AD800874002 /* UIView+extension.swift */,
				9D032CD91FA81BB10081D840 /* Assets.xcassets */,
				9D032CDB1FA81BB10081D840 /* LaunchScreen.storyboard */,
				9D032CDE1FA81BB10081D840 /* Info.plist */,
			);
			name = Util;
			sourceTree = "<group>";
		};
		9DCDEE4A1FA966D40055FE59 /* Network */ = {
			isa = PBXGroup;
			children = (
				9DCDEE4B1FA9670D0055FE59 /* LKNetwork.swift */,
				9DCDEE4F1FA982360055FE59 /* SiginTask.swift */,
				9D58D3611FEA1BA900200A77 /* GetInfoMember.swift */,
				9DFC2E4A1FA9B88E00059A3D /* AddMemberTask.swift */,
				9D2872351FAC02C600FDD27F /* GetMessageTask.swift */,
				9DEEF6FD1FB9469C00FEE1AE /* SendMessageTask.swift */,
				9D076F3B1FCE6161008D8334 /* UpdateGuestInfo.swift */,
				9D1F476D1FED18F7002CDD7D /* UpdateToken.swift */,
				9D8C605D1FE288800064DDED /* FindMember.swift */,
				9D123BC81FF4E95D00EC0F54 /* UpdateStatusMessage.swift */,
				9D0686161FFCB97500E5D78C /* GetNumberMessage.swift */,
				9D0686181FFCBD4400E5D78C /* UpdateNotice.swift */,
			);
			name = Network;
			sourceTree = "<group>";
		};
		9DCDEE541FA9883C0055FE59 /* Controller */ = {
			isa = PBXGroup;
			children = (
				9D032CE71FA820E80081D840 /* MainViewController.swift */,
				9D032CE91FA827280081D840 /* SiginViewController.swift */,
				9D032CEB1FA8275D0081D840 /* LeftMenuViewController.swift */,
				9D032CED1FA82CD90081D840 /* FollowViewController.swift */,
				9D032CEF1FA82CF20081D840 /* SeatViewController.swift */,
				9D032CF31FA82D400081D840 /* DetailChatViewController.swift */,
				9D073A0A1FF262ED009F2568 /* SplashViewcontroller.swift */,
				9D0D082720091BB10022CC8F /* ChangeProfileViewController.swift */,
			);
			name = Controller;
			sourceTree = "<group>";
		};
		9DFC2E451FA9A7D600059A3D /* Model */ = {
			isa = PBXGroup;
			children = (
				9DFC2E431FA9A7D200059A3D /* Guest.swift */,
				9DFC2E461FA9B6BC00059A3D /* Member.swift */,
				9D0094891FAABB5500A64CA9 /* Message.swift */,
				9DFE98781FB0424D0064243A /* Contants.swift */,
				9DFE987C1FB04B280064243A /* NoticeMember.swift */,
				9DEEF6F71FB9444000FEE1AE /* Storage.swift */,
				9D9B466B1FEA49C800ADC543 /* Cache.swift */,
			);
			name = Model;
			sourceTree = "<group>";
		};
/* End PBXGroup section */

/* Begin PBXNativeTarget section */
		9D032CCE1FA81BB00081D840 /* GuestWedding */ = {
			isa = PBXNativeTarget;
			buildConfigurationList = 9D032CE11FA81BB10081D840 /* Build configuration list for PBXNativeTarget "GuestWedding" */;
			buildPhases = (
				C32AA82527198815433A60F5 /* [CP] Check Pods Manifest.lock */,
				9D032CCB1FA81BB00081D840 /* Sources */,
				9D032CCC1FA81BB00081D840 /* Frameworks */,
				9D032CCD1FA81BB00081D840 /* Resources */,
				89369AD5D9CA527202CDED56 /* [CP] Embed Pods Frameworks */,
				31373B58C9D8C67E4B93F5B4 /* [CP] Copy Pods Resources */,
				9DCDEE511FA984470055FE59 /* SwiftLint */,
			);
			buildRules = (
			);
			dependencies = (
			);
			name = GuestWedding;
			productName = GuestWedding;
			productReference = 9D032CCF1FA81BB10081D840 /* GuestWedding.app */;
			productType = "com.apple.product-type.application";
		};
/* End PBXNativeTarget section */

/* Begin PBXProject section */
		9D032CC71FA81BB00081D840 /* Project object */ = {
			isa = PBXProject;
			attributes = {
				LastSwiftUpdateCheck = 0830;
				LastUpgradeCheck = 0910;
				ORGANIZATIONNAME = Kien;
				TargetAttributes = {
					9D032CCE1FA81BB00081D840 = {
						CreatedOnToolsVersion = 8.3.3;
						DevelopmentTeam = HDNMHL7M4Y;
						LastSwiftMigration = 0910;
						ProvisioningStyle = Automatic;
						SystemCapabilities = {
							com.apple.BackgroundModes = {
								enabled = 1;
							};
							com.apple.Push = {
								enabled = 1;
							};
						};
					};
				};
			};
			buildConfigurationList = 9D032CCA1FA81BB00081D840 /* Build configuration list for PBXProject "GuestWedding" */;
			compatibilityVersion = "Xcode 3.2";
			developmentRegion = English;
			hasScannedForEncodings = 0;
			knownRegions = (
				en,
				Base,
			);
			mainGroup = 9D032CC61FA81BB00081D840;
			productRefGroup = 9D032CD01FA81BB10081D840 /* Products */;
			projectDirPath = "";
			projectRoot = "";
			targets = (
				9D032CCE1FA81BB00081D840 /* GuestWedding */,
			);
		};
/* End PBXProject section */

/* Begin PBXResourcesBuildPhase section */
		9D032CCD1FA81BB00081D840 /* Resources */ = {
			isa = PBXResourcesBuildPhase;
			buildActionMask = 2147483647;
			files = (
				9D114FCF1FEE160A0070107C /* 黑體W9-GB5.ttf in Resources */,
				9D032CDD1FA81BB10081D840 /* LaunchScreen.storyboard in Resources */,
				9D032CDA1FA81BB10081D840 /* Assets.xcassets in Resources */,
				9D032CD81FA81BB10081D840 /* Main.storyboard in Resources */,
				9D0094911FAAD13300A64CA9 /* SetupProfile.xib in Resources */,
				9D06F71520073E74006D44CD /* MSJH.TTF in Resources */,
				9D06F71720073E90006D44CD /* MSJHBD.TTF in Resources */,
				9D1F476C1FED0714002CDD7D /* 華康超明體_(P).TTC in Resources */,
				9D23738A1FF497F00033C091 /* MemberViewCell.xib in Resources */,
				9D0941EE1FF396D200F6765C /* SearchMember.xib in Resources */,
			);
			runOnlyForDeploymentPostprocessing = 0;
		};
/* End PBXResourcesBuildPhase section */

/* Begin PBXShellScriptBuildPhase section */
		31373B58C9D8C67E4B93F5B4 /* [CP] Copy Pods Resources */ = {
			isa = PBXShellScriptBuildPhase;
			buildActionMask = 2147483647;
			files = (
			);
			inputPaths = (
			);
			name = "[CP] Copy Pods Resources";
			outputPaths = (
			);
			runOnlyForDeploymentPostprocessing = 0;
			shellPath = /bin/sh;
			shellScript = "\"${SRCROOT}/Pods/Target Support Files/Pods-GuestWedding/Pods-GuestWedding-resources.sh\"\n";
			showEnvVarsInLog = 0;
		};
		89369AD5D9CA527202CDED56 /* [CP] Embed Pods Frameworks */ = {
			isa = PBXShellScriptBuildPhase;
			buildActionMask = 2147483647;
			files = (
			);
			inputPaths = (
				"${SRCROOT}/Pods/Target Support Files/Pods-GuestWedding/Pods-GuestWedding-frameworks.sh",
				"${BUILT_PRODUCTS_DIR}/DeviceKit/DeviceKit.framework",
				"${BUILT_PRODUCTS_DIR}/SDWebImage/SDWebImage.framework",
				"${BUILT_PRODUCTS_DIR}/SWRevealViewController/SWRevealViewController.framework",
				"${BUILT_PRODUCTS_DIR}/SwiftyJSON/SwiftyJSON.framework",
			);
			name = "[CP] Embed Pods Frameworks";
			outputPaths = (
				"${TARGET_BUILD_DIR}/${FRAMEWORKS_FOLDER_PATH}/DeviceKit.framework",
				"${TARGET_BUILD_DIR}/${FRAMEWORKS_FOLDER_PATH}/SDWebImage.framework",
				"${TARGET_BUILD_DIR}/${FRAMEWORKS_FOLDER_PATH}/SWRevealViewController.framework",
				"${TARGET_BUILD_DIR}/${FRAMEWORKS_FOLDER_PATH}/SwiftyJSON.framework",
			);
			runOnlyForDeploymentPostprocessing = 0;
			shellPath = /bin/sh;
			shellScript = "\"${SRCROOT}/Pods/Target Support Files/Pods-GuestWedding/Pods-GuestWedding-frameworks.sh\"\n";
			showEnvVarsInLog = 0;
		};
		9DCDEE511FA984470055FE59 /* SwiftLint */ = {
			isa = PBXShellScriptBuildPhase;
			buildActionMask = 2147483647;
			files = (
			);
			inputPaths = (
			);
			name = SwiftLint;
			outputPaths = (
			);
			runOnlyForDeploymentPostprocessing = 0;
			shellPath = /bin/sh;
			shellScript = "\"${PODS_ROOT}/SwiftLint/swiftlint\"";
		};
		C32AA82527198815433A60F5 /* [CP] Check Pods Manifest.lock */ = {
			isa = PBXShellScriptBuildPhase;
			buildActionMask = 2147483647;
			files = (
			);
			inputPaths = (
				"${PODS_PODFILE_DIR_PATH}/Podfile.lock",
				"${PODS_ROOT}/Manifest.lock",
			);
			name = "[CP] Check Pods Manifest.lock";
			outputPaths = (
				"$(DERIVED_FILE_DIR)/Pods-GuestWedding-checkManifestLockResult.txt",
			);
			runOnlyForDeploymentPostprocessing = 0;
			shellPath = /bin/sh;
			shellScript = "diff \"${PODS_PODFILE_DIR_PATH}/Podfile.lock\" \"${PODS_ROOT}/Manifest.lock\" > /dev/null\nif [ $? != 0 ] ; then\n    # print error to STDERR\n    echo \"error: The sandbox is not in sync with the Podfile.lock. Run 'pod install' or update your CocoaPods installation.\" >&2\n    exit 1\nfi\n# This output is used by Xcode 'outputs' to avoid re-running this script phase.\necho \"SUCCESS\" > \"${SCRIPT_OUTPUT_FILE_0}\"\n";
			showEnvVarsInLog = 0;
		};
/* End PBXShellScriptBuildPhase section */

/* Begin PBXSourcesBuildPhase section */
		9D032CCB1FA81BB00081D840 /* Sources */ = {
			isa = PBXSourcesBuildPhase;
			buildActionMask = 2147483647;
			files = (
				9D123BC91FF4E95D00EC0F54 /* UpdateStatusMessage.swift in Sources */,
				9D8C605E1FE288800064DDED /* FindMember.swift in Sources */,
				9D0D082820091BB10022CC8F /* ChangeProfileViewController.swift in Sources */,
				9DCDEE531FA988350055FE59 /* DefineURL.swift in Sources */,
				9D2373891FF497F00033C091 /* MemberViewCell.swift in Sources */,
				9D032CE81FA820E80081D840 /* MainViewController.swift in Sources */,
				9DFC2E4B1FA9B88E00059A3D /* AddMemberTask.swift in Sources */,
				9DFE98791FB0424D0064243A /* Contants.swift in Sources */,
				9D2872361FAC02C600FDD27F /* GetMessageTask.swift in Sources */,
				9DFE987D1FB04B280064243A /* NoticeMember.swift in Sources */,
				9D0941EC1FF3969000F6765C /* SearchMember.swift in Sources */,
				9D00948A1FAABB5500A64CA9 /* Message.swift in Sources */,
				9D032CEA1FA827280081D840 /* SiginViewController.swift in Sources */,
				9DEEF6F81FB9444100FEE1AE /* Storage.swift in Sources */,
				9D0686171FFCB97500E5D78C /* GetNumberMessage.swift in Sources */,
				9D0686191FFCBD4400E5D78C /* UpdateNotice.swift in Sources */,
				9D1F476E1FED18F7002CDD7D /* UpdateToken.swift in Sources */,
				9D58D3621FEA1BA900200A77 /* GetInfoMember.swift in Sources */,
				9D073A0B1FF262ED009F2568 /* SplashViewcontroller.swift in Sources */,
				9DFC2E471FA9B6BC00059A3D /* Member.swift in Sources */,
				9D032CF01FA82CF20081D840 /* SeatViewController.swift in Sources */,
				9D9B466C1FEA49C800ADC543 /* Cache.swift in Sources */,
				9DD1E4D01FFC9AD800874002 /* UIView+extension.swift in Sources */,
				9DCDEE4E1FA976300055FE59 /* Extension.swift in Sources */,
				9D032CD31FA81BB10081D840 /* AppDelegate.swift in Sources */,
				9D032CEE1FA82CD90081D840 /* FollowViewController.swift in Sources */,
				9D032CF41FA82D400081D840 /* DetailChatViewController.swift in Sources */,
				9DCDEE4C1FA9670D0055FE59 /* LKNetwork.swift in Sources */,
				9D032CE61FA8206E0081D840 /* BaseViewController.swift in Sources */,
				9DEEF6FE1FB9469C00FEE1AE /* SendMessageTask.swift in Sources */,
				9D032CEC1FA8275D0081D840 /* LeftMenuViewController.swift in Sources */,
				9D00948F1FAAD11F00A64CA9 /* SetupProfile.swift in Sources */,
				9DFC2E441FA9A7D200059A3D /* Guest.swift in Sources */,
				9D076F3C1FCE6161008D8334 /* UpdateGuestInfo.swift in Sources */,
				9D00948C1FAAD09800A64CA9 /* BaseDailog.swift in Sources */,
				9DCDEE501FA982360055FE59 /* SiginTask.swift in Sources */,
			);
			runOnlyForDeploymentPostprocessing = 0;
		};
/* End PBXSourcesBuildPhase section */

/* Begin PBXVariantGroup section */
		9D032CD61FA81BB10081D840 /* Main.storyboard */ = {
			isa = PBXVariantGroup;
			children = (
				9D032CD71FA81BB10081D840 /* Base */,
			);
			name = Main.storyboard;
			sourceTree = "<group>";
		};
		9D032CDB1FA81BB10081D840 /* LaunchScreen.storyboard */ = {
			isa = PBXVariantGroup;
			children = (
				9D032CDC1FA81BB10081D840 /* Base */,
			);
			name = LaunchScreen.storyboard;
			sourceTree = "<group>";
		};
/* End PBXVariantGroup section */

/* Begin XCBuildConfiguration section */
		9D032CDF1FA81BB10081D840 /* Debug */ = {
			isa = XCBuildConfiguration;
			buildSettings = {
				ALWAYS_SEARCH_USER_PATHS = NO;
				CLANG_ANALYZER_NONNULL = YES;
				CLANG_ANALYZER_NUMBER_OBJECT_CONVERSION = YES_AGGRESSIVE;
				CLANG_CXX_LANGUAGE_STANDARD = "gnu++0x";
				CLANG_CXX_LIBRARY = "libc++";
				CLANG_ENABLE_MODULES = YES;
				CLANG_ENABLE_OBJC_ARC = YES;
				CLANG_WARN_BLOCK_CAPTURE_AUTORELEASING = YES;
				CLANG_WARN_BOOL_CONVERSION = YES;
				CLANG_WARN_COMMA = YES;
				CLANG_WARN_CONSTANT_CONVERSION = YES;
				CLANG_WARN_DIRECT_OBJC_ISA_USAGE = YES_ERROR;
				CLANG_WARN_DOCUMENTATION_COMMENTS = YES;
				CLANG_WARN_EMPTY_BODY = YES;
				CLANG_WARN_ENUM_CONVERSION = YES;
				CLANG_WARN_INFINITE_RECURSION = YES;
				CLANG_WARN_INT_CONVERSION = YES;
				CLANG_WARN_NON_LITERAL_NULL_CONVERSION = YES;
				CLANG_WARN_OBJC_LITERAL_CONVERSION = YES;
				CLANG_WARN_OBJC_ROOT_CLASS = YES_ERROR;
				CLANG_WARN_RANGE_LOOP_ANALYSIS = YES;
				CLANG_WARN_STRICT_PROTOTYPES = YES;
				CLANG_WARN_SUSPICIOUS_MOVE = YES;
				CLANG_WARN_UNREACHABLE_CODE = YES;
				CLANG_WARN__DUPLICATE_METHOD_MATCH = YES;
				"CODE_SIGN_IDENTITY[sdk=iphoneos*]" = "iPhone Developer";
				COPY_PHASE_STRIP = NO;
				DEBUG_INFORMATION_FORMAT = dwarf;
				ENABLE_STRICT_OBJC_MSGSEND = YES;
				ENABLE_TESTABILITY = YES;
				GCC_C_LANGUAGE_STANDARD = gnu99;
				GCC_DYNAMIC_NO_PIC = NO;
				GCC_NO_COMMON_BLOCKS = YES;
				GCC_OPTIMIZATION_LEVEL = 0;
				GCC_PREPROCESSOR_DEFINITIONS = (
					"DEBUG=1",
					"$(inherited)",
				);
				GCC_WARN_64_TO_32_BIT_CONVERSION = YES;
				GCC_WARN_ABOUT_RETURN_TYPE = YES_ERROR;
				GCC_WARN_UNDECLARED_SELECTOR = YES;
				GCC_WARN_UNINITIALIZED_AUTOS = YES_AGGRESSIVE;
				GCC_WARN_UNUSED_FUNCTION = YES;
				GCC_WARN_UNUSED_VARIABLE = YES;
				IPHONEOS_DEPLOYMENT_TARGET = 8.0;
				MTL_ENABLE_DEBUG_INFO = YES;
				ONLY_ACTIVE_ARCH = YES;
				SDKROOT = iphoneos;
				SWIFT_ACTIVE_COMPILATION_CONDITIONS = DEBUG;
				SWIFT_OPTIMIZATION_LEVEL = "-Onone";
				TARGETED_DEVICE_FAMILY = "1,2";
			};
			name = Debug;
		};
		9D032CE01FA81BB10081D840 /* Release */ = {
			isa = XCBuildConfiguration;
			buildSettings = {
				ALWAYS_SEARCH_USER_PATHS = NO;
				CLANG_ANALYZER_NONNULL = YES;
				CLANG_ANALYZER_NUMBER_OBJECT_CONVERSION = YES_AGGRESSIVE;
				CLANG_CXX_LANGUAGE_STANDARD = "gnu++0x";
				CLANG_CXX_LIBRARY = "libc++";
				CLANG_ENABLE_MODULES = YES;
				CLANG_ENABLE_OBJC_ARC = YES;
				CLANG_WARN_BLOCK_CAPTURE_AUTORELEASING = YES;
				CLANG_WARN_BOOL_CONVERSION = YES;
				CLANG_WARN_COMMA = YES;
				CLANG_WARN_CONSTANT_CONVERSION = YES;
				CLANG_WARN_DIRECT_OBJC_ISA_USAGE = YES_ERROR;
				CLANG_WARN_DOCUMENTATION_COMMENTS = YES;
				CLANG_WARN_EMPTY_BODY = YES;
				CLANG_WARN_ENUM_CONVERSION = YES;
				CLANG_WARN_INFINITE_RECURSION = YES;
				CLANG_WARN_INT_CONVERSION = YES;
				CLANG_WARN_NON_LITERAL_NULL_CONVERSION = YES;
				CLANG_WARN_OBJC_LITERAL_CONVERSION = YES;
				CLANG_WARN_OBJC_ROOT_CLASS = YES_ERROR;
				CLANG_WARN_RANGE_LOOP_ANALYSIS = YES;
				CLANG_WARN_STRICT_PROTOTYPES = YES;
				CLANG_WARN_SUSPICIOUS_MOVE = YES;
				CLANG_WARN_UNREACHABLE_CODE = YES;
				CLANG_WARN__DUPLICATE_METHOD_MATCH = YES;
				"CODE_SIGN_IDENTITY[sdk=iphoneos*]" = "iPhone Developer";
				COPY_PHASE_STRIP = NO;
				DEBUG_INFORMATION_FORMAT = "dwarf-with-dsym";
				ENABLE_NS_ASSERTIONS = NO;
				ENABLE_STRICT_OBJC_MSGSEND = YES;
				GCC_C_LANGUAGE_STANDARD = gnu99;
				GCC_NO_COMMON_BLOCKS = YES;
				GCC_WARN_64_TO_32_BIT_CONVERSION = YES;
				GCC_WARN_ABOUT_RETURN_TYPE = YES_ERROR;
				GCC_WARN_UNDECLARED_SELECTOR = YES;
				GCC_WARN_UNINITIALIZED_AUTOS = YES_AGGRESSIVE;
				GCC_WARN_UNUSED_FUNCTION = YES;
				GCC_WARN_UNUSED_VARIABLE = YES;
				IPHONEOS_DEPLOYMENT_TARGET = 8.0;
				MTL_ENABLE_DEBUG_INFO = NO;
				SDKROOT = iphoneos;
				SWIFT_OPTIMIZATION_LEVEL = "-Owholemodule";
				TARGETED_DEVICE_FAMILY = "1,2";
				VALIDATE_PRODUCT = YES;
			};
			name = Release;
		};
		9D032CE21FA81BB10081D840 /* Debug */ = {
			isa = XCBuildConfiguration;
			baseConfigurationReference = AA7DD4806FB03F00C6A1FBAC /* Pods-GuestWedding.debug.xcconfig */;
			buildSettings = {
				ASSETCATALOG_COMPILER_APPICON_NAME = AppIcon;
				CODE_SIGN_ENTITLEMENTS = GuestWedding/GuestWedding.entitlements;
				"CODE_SIGN_IDENTITY[sdk=iphoneos*]" = "iPhone Developer";
				CODE_SIGN_STYLE = Automatic;
				DEVELOPMENT_TEAM = HDNMHL7M4Y;
				INFOPLIST_FILE = GuestWedding/Info.plist;
				IPHONEOS_DEPLOYMENT_TARGET = 8.0;
				LD_RUNPATH_SEARCH_PATHS = "$(inherited) @executable_path/Frameworks";
				PRODUCT_BUNDLE_IDENTIFIER = ctvtran.kien.GuestWedding;
				PRODUCT_NAME = "$(TARGET_NAME)";
				PROVISIONING_PROFILE_SPECIFIER = "";
				SWIFT_SWIFT3_OBJC_INFERENCE = Default;
				SWIFT_VERSION = 4.0;
				TARGETED_DEVICE_FAMILY = "1,2";
			};
			name = Debug;
		};
		9D032CE31FA81BB10081D840 /* Release */ = {
			isa = XCBuildConfiguration;
			baseConfigurationReference = 6AA9B141112A98D588C6DD2B /* Pods-GuestWedding.release.xcconfig */;
			buildSettings = {
				ASSETCATALOG_COMPILER_APPICON_NAME = AppIcon;
				CODE_SIGN_ENTITLEMENTS = GuestWedding/GuestWedding.entitlements;
				"CODE_SIGN_IDENTITY[sdk=iphoneos*]" = "iPhone Developer";
				CODE_SIGN_STYLE = Automatic;
				DEVELOPMENT_TEAM = HDNMHL7M4Y;
				INFOPLIST_FILE = GuestWedding/Info.plist;
				IPHONEOS_DEPLOYMENT_TARGET = 8.0;
				LD_RUNPATH_SEARCH_PATHS = "$(inherited) @executable_path/Frameworks";
				PRODUCT_BUNDLE_IDENTIFIER = ctvtran.kien.GuestWedding;
				PRODUCT_NAME = "$(TARGET_NAME)";
				PROVISIONING_PROFILE_SPECIFIER = "";
				SWIFT_SWIFT3_OBJC_INFERENCE = Default;
				SWIFT_VERSION = 4.0;
				TARGETED_DEVICE_FAMILY = "1,2";
			};
			name = Release;
		};
/* End XCBuildConfiguration section */

/* Begin XCConfigurationList section */
		9D032CCA1FA81BB00081D840 /* Build configuration list for PBXProject "GuestWedding" */ = {
			isa = XCConfigurationList;
			buildConfigurations = (
				9D032CDF1FA81BB10081D840 /* Debug */,
				9D032CE01FA81BB10081D840 /* Release */,
			);
			defaultConfigurationIsVisible = 0;
			defaultConfigurationName = Release;
		};
		9D032CE11FA81BB10081D840 /* Build configuration list for PBXNativeTarget "GuestWedding" */ = {
			isa = XCConfigurationList;
			buildConfigurations = (
				9D032CE21FA81BB10081D840 /* Debug */,
				9D032CE31FA81BB10081D840 /* Release */,
			);
			defaultConfigurationIsVisible = 0;
			defaultConfigurationName = Release;
		};
/* End XCConfigurationList section */
	};
	rootObject = 9D032CC71FA81BB00081D840 /* Project object */;
}
